
Microsoft Visual Studio Solution File, Format Version 12.00
# Visual Studio Version 16
VisualStudioVersion = 16.0.30711.63
MinimumVisualStudioVersion = 10.0.40219.1
Project("{FAE04EC0-301F-11D3-BF4B-00C04F79EFBC}") = "MyKeyLogger v1", "MyKeyLogger v1\MyKeyLogger v1.csproj", "{7A63D21F-77CD-4231-87A5-5A27CE327D49}"
EndProject
Global
	GlobalSection(SolutionConfigurationPlatforms) = preSolution
		Debug|Any CPU = Debug|Any CPU
		Release|Any CPU = Release|Any CPU
	EndGlobalSection
	GlobalSection(ProjectConfigurationPlatforms) = postSolution
		{7A63D21F-77CD-4231-87A5-5A27CE327D49}.Debug|Any CPU.ActiveCfg = Debug|Any CPU
		{7A63D21F-77CD-4231-87A5-5A27CE327D49}.Debug|Any CPU.Build.0 = Debug|Any CPU
		{7A63D21F-77CD-4231-87A5-5A27CE327D49}.Release|Any CPU.ActiveCfg = Release|Any CPU
		{7A63D21F-77CD-4231-87A5-5A27CE327D49}.Release|Any CPU.Build.0 = Release|Any CPU
	EndGlobalSection
	GlobalSection(SolutionProperties) = preSolution
		HideSolutionNode = FALSE
	EndGlobalSection
	GlobalSection(ExtensibilityGlobals) = postSolution
		SolutionGuid = {86C7A11E-7052-4877-95B2-1778293BA23C}
	EndGlobalSection
EndGlobal
